# This file is automatically @generated by Cargo.
# It is not intended for manual editing.
[[package]]
name = "bump_tree"
version = "0.1.0"
dependencies = [
 "bumpalo",
 "impl_twice",
]

[[package]]
name = "bumpalo"
version = "3.4.0"
source = "registry+https://github.com/rust-lang/crates.io-index"
checksum = "2e8c087f005730276d1096a652e92a8bacee2e2472bcc9715a74d2bec38b5820"

[[package]]
name = "impl_twice"
version = "0.0.3"
source = "registry+https://github.com/rust-lang/crates.io-index"
checksum = "d60a1fa3d4099e892a7f2d2b5e8e845a83059cf94c79744687731b6f90d81da9"
